{
  "pins" : [
    {
      "identity" : "nightscoutkit",
      "kind" : "remoteSourceControl",
      "location" : "https://github.com/gestrich/NightscoutKit.git",
      "state" : {
        "branch" : "feature/2023-04/bg/remote-commands",
        "revision" : "bccad50eda671748bbb83db4c2b79acdc240588e"
      }
    }
  ],
  "version" : 2
}
